
Microsoft Visual Studio Solution File, Format Version 12.00
# Visual Studio Version 16
VisualStudioVersion = 16.0.30907.101
MinimumVisualStudioVersion = 10.0.40219.1
Project("{8BC9CEB8-8B4A-11D0-8D11-00A0C91BC942}") = "LogAnalyserTests", "LogAnalyserTests\LogAnalyserTests.vcxproj", "{8749C875-E82D-4846-B67C-845188386169}"
	ProjectSection(ProjectDependencies) = postProject
		{79495C2F-DE60-481D-9138-976A2E201069} = {79495C2F-DE60-481D-9138-976A2E201069}
	EndProjectSection
EndProject
Project("{8BC9CEB8-8B4A-11D0-8D11-00A0C91BC942}") = "LogAnalyserBin", "LogAnalyserBin\LogAnalyserBin.vcxproj", "{9B0B0A83-FCDC-424A-AF85-93D61BF618B3}"
	ProjectSection(ProjectDependencies) = postProject
		{79495C2F-DE60-481D-9138-976A2E201069} = {79495C2F-DE60-481D-9138-976A2E201069}
	EndProjectSection
EndProject
Project("{8BC9CEB8-8B4A-11D0-8D11-00A0C91BC942}") = "LogAnalyserLib", "LogAnalyserLib\LogAnalyserLib.vcxproj", "{79495C2F-DE60-481D-9138-976A2E201069}"
EndProject
Global
	GlobalSection(SolutionConfigurationPlatforms) = preSolution
		Debug|x64 = Debug|x64
		Debug|x86 = Debug|x86
		Release|x64 = Release|x64
		Release|x86 = Release|x86
	EndGlobalSection
	GlobalSection(ProjectConfigurationPlatforms) = postSolution
		{8749C875-E82D-4846-B67C-845188386169}.Debug|x64.ActiveCfg = Debug|x64
		{8749C875-E82D-4846-B67C-845188386169}.Debug|x64.Build.0 = Debug|x64
		{8749C875-E82D-4846-B67C-845188386169}.Debug|x86.ActiveCfg = Debug|Win32
		{8749C875-E82D-4846-B67C-845188386169}.Debug|x86.Build.0 = Debug|Win32
		{8749C875-E82D-4846-B67C-845188386169}.Release|x64.ActiveCfg = Release|x64
		{8749C875-E82D-4846-B67C-845188386169}.Release|x64.Build.0 = Release|x64
		{8749C875-E82D-4846-B67C-845188386169}.Release|x86.ActiveCfg = Release|Win32
		{8749C875-E82D-4846-B67C-845188386169}.Release|x86.Build.0 = Release|Win32
		{9B0B0A83-FCDC-424A-AF85-93D61BF618B3}.Debug|x64.ActiveCfg = Debug|x64
		{9B0B0A83-FCDC-424A-AF85-93D61BF618B3}.Debug|x64.Build.0 = Debug|x64
		{9B0B0A83-FCDC-424A-AF85-93D61BF618B3}.Debug|x86.ActiveCfg = Debug|Win32
		{9B0B0A83-FCDC-424A-AF85-93D61BF618B3}.Debug|x86.Build.0 = Debug|Win32
		{9B0B0A83-FCDC-424A-AF85-93D61BF618B3}.Release|x64.ActiveCfg = Release|x64
		{9B0B0A83-FCDC-424A-AF85-93D61BF618B3}.Release|x64.Build.0 = Release|x64
		{9B0B0A83-FCDC-424A-AF85-93D61BF618B3}.Release|x86.ActiveCfg = Release|Win32
		{9B0B0A83-FCDC-424A-AF85-93D61BF618B3}.Release|x86.Build.0 = Release|Win32
		{79495C2F-DE60-481D-9138-976A2E201069}.Debug|x64.ActiveCfg = Debug|x64
		{79495C2F-DE60-481D-9138-976A2E201069}.Debug|x64.Build.0 = Debug|x64
		{79495C2F-DE60-481D-9138-976A2E201069}.Debug|x86.ActiveCfg = Debug|Win32
		{79495C2F-DE60-481D-9138-976A2E201069}.Debug|x86.Build.0 = Debug|Win32
		{79495C2F-DE60-481D-9138-976A2E201069}.Release|x64.ActiveCfg = Release|x64
		{79495C2F-DE60-481D-9138-976A2E201069}.Release|x64.Build.0 = Release|x64
		{79495C2F-DE60-481D-9138-976A2E201069}.Release|x86.ActiveCfg = Release|Win32
		{79495C2F-DE60-481D-9138-976A2E201069}.Release|x86.Build.0 = Release|Win32
	EndGlobalSection
	GlobalSection(SolutionProperties) = preSolution
		HideSolutionNode = FALSE
	EndGlobalSection
	GlobalSection(ExtensibilityGlobals) = postSolution
		SolutionGuid = {70DE645D-B772-4CA7-9985-8B1CADB45067}
	EndGlobalSection
EndGlobal
